
Microsoft Visual Studio Solution File, Format Version 12.00
# Visual Studio 14
VisualStudioVersion = 14.0.25123.0
MinimumVisualStudioVersion = 10.0.40219.1
Project("{FAE04EC0-301F-11D3-BF4B-00C04F79EFBC}") = "ConsoleApplication1", "ConsoleApplication1\ConsoleApplication1.csproj", "{A9E6D081-0781-40B2-A829-0C29121DAE91}"
EndProject
Project("{FAE04EC0-301F-11D3-BF4B-00C04F79EFBC}") = "UnitTestProject2", "UnitTestProject2\UnitTestProject2.csproj", "{A623579B-0779-4DB3-9225-138311535751}"
EndProject
Global
	GlobalSection(SolutionConfigurationPlatforms) = preSolution
		Debug|Any CPU = Debug|Any CPU
		Release|Any CPU = Release|Any CPU
	EndGlobalSection
	GlobalSection(ProjectConfigurationPlatforms) = postSolution
		{A9E6D081-0781-40B2-A829-0C29121DAE91}.Debug|Any CPU.ActiveCfg = Debug|Any CPU
		{A9E6D081-0781-40B2-A829-0C29121DAE91}.Debug|Any CPU.Build.0 = Debug|Any CPU
		{A9E6D081-0781-40B2-A829-0C29121DAE91}.Release|Any CPU.ActiveCfg = Release|Any CPU
		{A9E6D081-0781-40B2-A829-0C29121DAE91}.Release|Any CPU.Build.0 = Release|Any CPU
		{A623579B-0779-4DB3-9225-138311535751}.Debug|Any CPU.ActiveCfg = Debug|Any CPU
		{A623579B-0779-4DB3-9225-138311535751}.Debug|Any CPU.Build.0 = Debug|Any CPU
		{A623579B-0779-4DB3-9225-138311535751}.Release|Any CPU.ActiveCfg = Release|Any CPU
		{A623579B-0779-4DB3-9225-138311535751}.Release|Any CPU.Build.0 = Release|Any CPU
	EndGlobalSection
	GlobalSection(SolutionProperties) = preSolution
		HideSolutionNode = FALSE
	EndGlobalSection
EndGlobal
